// !$*UTF8*$!
{
	archiveVersion = 1;
	classes = {
	};
	objectVersion = 46;
	objects = {

/* Begin PBXBuildFile section */
		6E39B6B31D96485A00A72A9A /* VideoPlayer.h in Headers */ = {isa = PBXBuildFile; fileRef = 6E39B6B11D96485A00A72A9A /* VideoPlayer.h */; settings = {ATTRIBUTES = (Public, ); }; };
		6E39B6C11D96487700A72A9A /* main.m in Sources */ = {isa = PBXBuildFile; fileRef = 6E39B6C01D96487700A72A9A /* main.m */; };
		6E39B6C41D96487800A72A9A /* AppDelegate.m in Sources */ = {isa = PBXBuildFile; fileRef = 6E39B6C31D96487800A72A9A /* AppDelegate.m */; };
		6E39B6C71D96487800A72A9A /* ViewController.m in Sources */ = {isa = PBXBuildFile; fileRef = 6E39B6C61D96487800A72A9A /* ViewController.m */; };
		6E39B6CA1D96487800A72A9A /* Main.storyboard in Resources */ = {isa = PBXBuildFile; fileRef = 6E39B6C81D96487800A72A9A /* Main.storyboard */; };
		6E39B6CC1D96487800A72A9A /* Assets.xcassets in Resources */ = {isa = PBXBuildFile; fileRef = 6E39B6CB1D96487800A72A9A /* Assets.xcassets */; };
		6E39B6CF1D96487800A72A9A /* LaunchScreen.storyboard in Resources */ = {isa = PBXBuildFile; fileRef = 6E39B6CD1D96487800A72A9A /* LaunchScreen.storyboard */; };
		6E39B6E31D9648FC00A72A9A /* VideoPlayer.m in Sources */ = {isa = PBXBuildFile; fileRef = 6E39B6E21D9648FC00A72A9A /* VideoPlayer.m */; };
		6E39B6E41D964A3C00A72A9A /* VideoPlayer.framework in Frameworks */ = {isa = PBXBuildFile; fileRef = 6E39B6AE1D96485A00A72A9A /* VideoPlayer.framework */; };
		6E39B6E51D964A3C00A72A9A /* VideoPlayer.framework in Embed Frameworks */ = {isa = PBXBuildFile; fileRef = 6E39B6AE1D96485A00A72A9A /* VideoPlayer.framework */; settings = {ATTRIBUTES = (CodeSignOnCopy, RemoveHeadersOnCopy, ); }; };
		6E39B6F01D9652A900A72A9A /* Icon.bundle in Resources */ = {isa = PBXBuildFile; fileRef = 6E39B6EF1D9652A800A72A9A /* Icon.bundle */; };
		6E39B7231D9668DC00A72A9A /* VideoPlayerControl.h in Headers */ = {isa = PBXBuildFile; fileRef = 6E39B7211D9668DC00A72A9A /* VideoPlayerControl.h */; };
		6E39B7241D9668DC00A72A9A /* VideoPlayerControl.m in Sources */ = {isa = PBXBuildFile; fileRef = 6E39B7221D9668DC00A72A9A /* VideoPlayerControl.m */; };
		6E5F5F2D1D9A3B8D00B2D630 /* 6282404.mp4 in Resources */ = {isa = PBXBuildFile; fileRef = 6E5F5F2C1D9A3B8D00B2D630 /* 6282404.mp4 */; };
		6E5F5FB41D9D19B600B2D630 /* VideoPlayerProgressView.h in Headers */ = {isa = PBXBuildFile; fileRef = 6E5F5FB21D9D19B600B2D630 /* VideoPlayerProgressView.h */; };
		6E5F5FB51D9D19B600B2D630 /* VideoPlayerProgressView.m in Sources */ = {isa = PBXBuildFile; fileRef = 6E5F5FB31D9D19B600B2D630 /* VideoPlayerProgressView.m */; };
		6EB100001DA8DB7800E1A643 /* AVFoundation.framework in Frameworks */ = {isa = PBXBuildFile; fileRef = 6EB1FFFF1DA8DB7800E1A643 /* AVFoundation.framework */; };
		6EB100021DA8DB7E00E1A643 /* CoreGraphics.framework in Frameworks */ = {isa = PBXBuildFile; fileRef = 6EB100011DA8DB7E00E1A643 /* CoreGraphics.framework */; };
		6EB100041DA8DB8700E1A643 /* CoreMedia.framework in Frameworks */ = {isa = PBXBuildFile; fileRef = 6EB100031DA8DB8700E1A643 /* CoreMedia.framework */; };
		6EB100061DA8DB9300E1A643 /* CoreVideo.framework in Frameworks */ = {isa = PBXBuildFile; fileRef = 6EB100051DA8DB9300E1A643 /* CoreVideo.framework */; };
		6EB100081DA8DB9E00E1A643 /* libbz2.tbd in Frameworks */ = {isa = PBXBuildFile; fileRef = 6EB100071DA8DB9E00E1A643 /* libbz2.tbd */; };
		6EB1000A1DA8DBA400E1A643 /* libz.tbd in Frameworks */ = {isa = PBXBuildFile; fileRef = 6EB100091DA8DBA400E1A643 /* libz.tbd */; };
		6EB1000C1DA8DBAC00E1A643 /* MediaPlayer.framework in Frameworks */ = {isa = PBXBuildFile; fileRef = 6EB1000B1DA8DBAC00E1A643 /* MediaPlayer.framework */; };
		6EB1000E1DA8DBB400E1A643 /* MobileCoreServices.framework in Frameworks */ = {isa = PBXBuildFile; fileRef = 6EB1000D1DA8DBB400E1A643 /* MobileCoreServices.framework */; };
		6EB100101DA8DBBB00E1A643 /* OpenGLES.framework in Frameworks */ = {isa = PBXBuildFile; fileRef = 6EB1000F1DA8DBBB00E1A643 /* OpenGLES.framework */; };
		6EB100121DA8DBC100E1A643 /* QuartzCore.framework in Frameworks */ = {isa = PBXBuildFile; fileRef = 6EB100111DA8DBC100E1A643 /* QuartzCore.framework */; };
		6EB100141DA8DBCD00E1A643 /* UIKit.framework in Frameworks */ = {isa = PBXBuildFile; fileRef = 6EB100131DA8DBCD00E1A643 /* UIKit.framework */; };
		6EB100161DA8DBD300E1A643 /* VideoToolbox.framework in Frameworks */ = {isa = PBXBuildFile; fileRef = 6EB100151DA8DBD300E1A643 /* VideoToolbox.framework */; };
		6EB1FFF91DA8DA8300E1A643 /* IJKMediaFramework.framework in Frameworks */ = {isa = PBXBuildFile; fileRef = 6EB1FFF81DA8DA8300E1A643 /* IJKMediaFramework.framework */; };
		6EB1FFFA1DA8DABD00E1A643 /* IJKMediaFramework.framework in Frameworks */ = {isa = PBXBuildFile; fileRef = 6EB1FFF81DA8DA8300E1A643 /* IJKMediaFramework.framework */; };
		6EB1FFFB1DA8DABD00E1A643 /* IJKMediaFramework.framework in Embed Frameworks */ = {isa = PBXBuildFile; fileRef = 6EB1FFF81DA8DA8300E1A643 /* IJKMediaFramework.framework */; settings = {ATTRIBUTES = (CodeSignOnCopy, RemoveHeadersOnCopy, ); }; };
		6EB1FFFE1DA8DB6E00E1A643 /* AudioToolbox.framework in Frameworks */ = {isa = PBXBuildFile; fileRef = 6EB1FFFD1DA8DB6E00E1A643 /* AudioToolbox.framework */; };
/* End PBXBuildFile section */

/* Begin PBXContainerItemProxy section */
		6E39B6E61D964A3C00A72A9A /* PBXContainerItemProxy */ = {
			isa = PBXContainerItemProxy;
			containerPortal = 6E39B6A51D96485A00A72A9A /* Project object */;
			proxyType = 1;
			remoteGlobalIDString = 6E39B6AD1D96485A00A72A9A;
			remoteInfo = VideoPlayer;
		};
/* End PBXContainerItemProxy section */

/* Begin PBXCopyFilesBuildPhase section */
		6E39B6E81D964A3C00A72A9A /* Embed Frameworks */ = {
			isa = PBXCopyFilesBuildPhase;
			buildActionMask = 2147483647;
			dstPath = "";
			dstSubfolderSpec = 10;
			files = (
				6E39B6E51D964A3C00A72A9A /* VideoPlayer.framework in Embed Frameworks */,
				6EB1FFFB1DA8DABD00E1A643 /* IJKMediaFramework.framework in Embed Frameworks */,
			);
			name = "Embed Frameworks";
			runOnlyForDeploymentPostprocessing = 0;
		};
/* End PBXCopyFilesBuildPhase section */

/* Begin PBXFileReference section */
		6E39B6AE1D96485A00A72A9A /* VideoPlayer.framework */ = {isa = PBXFileReference; explicitFileType = wrapper.framework; includeInIndex = 0; path = VideoPlayer.framework; sourceTree = BUILT_PRODUCTS_DIR; };
		6E39B6B11D96485A00A72A9A /* VideoPlayer.h */ = {isa = PBXFileReference; lastKnownFileType = sourcecode.c.h; path = VideoPlayer.h; sourceTree = "<group>"; };
		6E39B6B21D96485A00A72A9A /* Info.plist */ = {isa = PBXFileReference; lastKnownFileType = text.plist.xml; path = Info.plist; sourceTree = "<group>"; };
		6E39B6BD1D96487700A72A9A /* VideoPlayer Demo.app */ = {isa = PBXFileReference; explicitFileType = wrapper.application; includeInIndex = 0; path = "VideoPlayer Demo.app"; sourceTree = BUILT_PRODUCTS_DIR; };
		6E39B6C01D96487700A72A9A /* main.m */ = {isa = PBXFileReference; lastKnownFileType = sourcecode.c.objc; path = main.m; sourceTree = "<group>"; };
		6E39B6C21D96487700A72A9A /* AppDelegate.h */ = {isa = PBXFileReference; lastKnownFileType = sourcecode.c.h; path = AppDelegate.h; sourceTree = "<group>"; };
		6E39B6C31D96487800A72A9A /* AppDelegate.m */ = {isa = PBXFileReference; lastKnownFileType = sourcecode.c.objc; path = AppDelegate.m; sourceTree = "<group>"; };
		6E39B6C51D96487800A72A9A /* ViewController.h */ = {isa = PBXFileReference; lastKnownFileType = sourcecode.c.h; path = ViewController.h; sourceTree = "<group>"; };
		6E39B6C61D96487800A72A9A /* ViewController.m */ = {isa = PBXFileReference; lastKnownFileType = sourcecode.c.objc; path = ViewController.m; sourceTree = "<group>"; };
		6E39B6C91D96487800A72A9A /* Base */ = {isa = PBXFileReference; lastKnownFileType = file.storyboard; name = Base; path = Base.lproj/Main.storyboard; sourceTree = "<group>"; };
		6E39B6CB1D96487800A72A9A /* Assets.xcassets */ = {isa = PBXFileReference; lastKnownFileType = folder.assetcatalog; path = Assets.xcassets; sourceTree = "<group>"; };
		6E39B6CE1D96487800A72A9A /* Base */ = {isa = PBXFileReference; lastKnownFileType = file.storyboard; name = Base; path = Base.lproj/LaunchScreen.storyboard; sourceTree = "<group>"; };
		6E39B6D01D96487800A72A9A /* Info.plist */ = {isa = PBXFileReference; lastKnownFileType = text.plist.xml; path = Info.plist; sourceTree = "<group>"; };
		6E39B6E21D9648FC00A72A9A /* VideoPlayer.m */ = {isa = PBXFileReference; fileEncoding = 4; lastKnownFileType = sourcecode.c.objc; path = VideoPlayer.m; sourceTree = "<group>"; };
		6E39B6EF1D9652A800A72A9A /* Icon.bundle */ = {isa = PBXFileReference; lastKnownFileType = "wrapper.plug-in"; path = Icon.bundle; sourceTree = "<group>"; };
		6E39B7211D9668DC00A72A9A /* VideoPlayerControl.h */ = {isa = PBXFileReference; fileEncoding = 4; lastKnownFileType = sourcecode.c.h; path = VideoPlayerControl.h; sourceTree = "<group>"; };
		6E39B7221D9668DC00A72A9A /* VideoPlayerControl.m */ = {isa = PBXFileReference; fileEncoding = 4; lastKnownFileType = sourcecode.c.objc; path = VideoPlayerControl.m; sourceTree = "<group>"; };
		6E3C8C571DAB798F0082C9D8 /* README.md */ = {isa = PBXFileReference; fileEncoding = 4; lastKnownFileType = net.daringfireball.markdown; path = README.md; sourceTree = "<group>"; };
		6E5F5F2C1D9A3B8D00B2D630 /* 6282404.mp4 */ = {isa = PBXFileReference; lastKnownFileType = file; path = 6282404.mp4; sourceTree = "<group>"; };
		6E5F5FB21D9D19B600B2D630 /* VideoPlayerProgressView.h */ = {isa = PBXFileReference; fileEncoding = 4; lastKnownFileType = sourcecode.c.h; path = VideoPlayerProgressView.h; sourceTree = "<group>"; };
		6E5F5FB31D9D19B600B2D630 /* VideoPlayerProgressView.m */ = {isa = PBXFileReference; fileEncoding = 4; lastKnownFileType = sourcecode.c.objc; path = VideoPlayerProgressView.m; sourceTree = "<group>"; };
		6E5F5FB61D9E01C200B2D630 /* VideoPlayer.podspec */ = {isa = PBXFileReference; fileEncoding = 4; lastKnownFileType = text; path = VideoPlayer.podspec; sourceTree = "<group>"; };
		6EB100011DA8DB7E00E1A643 /* CoreGraphics.framework */ = {isa = PBXFileReference; lastKnownFileType = wrapper.framework; name = CoreGraphics.framework; path = System/Library/Frameworks/CoreGraphics.framework; sourceTree = SDKROOT; };
		6EB100031DA8DB8700E1A643 /* CoreMedia.framework */ = {isa = PBXFileReference; lastKnownFileType = wrapper.framework; name = CoreMedia.framework; path = System/Library/Frameworks/CoreMedia.framework; sourceTree = SDKROOT; };
		6EB100051DA8DB9300E1A643 /* CoreVideo.framework */ = {isa = PBXFileReference; lastKnownFileType = wrapper.framework; name = CoreVideo.framework; path = System/Library/Frameworks/CoreVideo.framework; sourceTree = SDKROOT; };
		6EB100071DA8DB9E00E1A643 /* libbz2.tbd */ = {isa = PBXFileReference; lastKnownFileType = "sourcecode.text-based-dylib-definition"; name = libbz2.tbd; path = usr/lib/libbz2.tbd; sourceTree = SDKROOT; };
		6EB100091DA8DBA400E1A643 /* libz.tbd */ = {isa = PBXFileReference; lastKnownFileType = "sourcecode.text-based-dylib-definition"; name = libz.tbd; path = usr/lib/libz.tbd; sourceTree = SDKROOT; };
		6EB1000B1DA8DBAC00E1A643 /* MediaPlayer.framework */ = {isa = PBXFileReference; lastKnownFileType = wrapper.framework; name = MediaPlayer.framework; path = System/Library/Frameworks/MediaPlayer.framework; sourceTree = SDKROOT; };
		6EB1000D1DA8DBB400E1A643 /* MobileCoreServices.framework */ = {isa = PBXFileReference; lastKnownFileType = wrapper.framework; name = MobileCoreServices.framework; path = System/Library/Frameworks/MobileCoreServices.framework; sourceTree = SDKROOT; };
		6EB1000F1DA8DBBB00E1A643 /* OpenGLES.framework */ = {isa = PBXFileReference; lastKnownFileType = wrapper.framework; name = OpenGLES.framework; path = System/Library/Frameworks/OpenGLES.framework; sourceTree = SDKROOT; };
		6EB100111DA8DBC100E1A643 /* QuartzCore.framework */ = {isa = PBXFileReference; lastKnownFileType = wrapper.framework; name = QuartzCore.framework; path = System/Library/Frameworks/QuartzCore.framework; sourceTree = SDKROOT; };
		6EB100131DA8DBCD00E1A643 /* UIKit.framework */ = {isa = PBXFileReference; lastKnownFileType = wrapper.framework; name = UIKit.framework; path = System/Library/Frameworks/UIKit.framework; sourceTree = SDKROOT; };
		6EB100151DA8DBD300E1A643 /* VideoToolbox.framework */ = {isa = PBXFileReference; lastKnownFileType = wrapper.framework; name = VideoToolbox.framework; path = System/Library/Frameworks/VideoToolbox.framework; sourceTree = SDKROOT; };
		6EB1FFF81DA8DA8300E1A643 /* IJKMediaFramework.framework */ = {isa = PBXFileReference; lastKnownFileType = wrapper.framework; path = IJKMediaFramework.framework; sourceTree = "<group>"; };
		6EB1FFFD1DA8DB6E00E1A643 /* AudioToolbox.framework */ = {isa = PBXFileReference; lastKnownFileType = wrapper.framework; name = AudioToolbox.framework; path = System/Library/Frameworks/AudioToolbox.framework; sourceTree = SDKROOT; };
		6EB1FFFF1DA8DB7800E1A643 /* AVFoundation.framework */ = {isa = PBXFileReference; lastKnownFileType = wrapper.framework; name = AVFoundation.framework; path = System/Library/Frameworks/AVFoundation.framework; sourceTree = SDKROOT; };
/* End PBXFileReference section */

/* Begin PBXFrameworksBuildPhase section */
		6E39B6AA1D96485A00A72A9A /* Frameworks */ = {
			isa = PBXFrameworksBuildPhase;
			buildActionMask = 2147483647;
			files = (
				6EB100161DA8DBD300E1A643 /* VideoToolbox.framework in Frameworks */,
				6EB100141DA8DBCD00E1A643 /* UIKit.framework in Frameworks */,
				6EB100121DA8DBC100E1A643 /* QuartzCore.framework in Frameworks */,
				6EB100101DA8DBBB00E1A643 /* OpenGLES.framework in Frameworks */,
				6EB1000E1DA8DBB400E1A643 /* MobileCoreServices.framework in Frameworks */,
				6EB1000C1DA8DBAC00E1A643 /* MediaPlayer.framework in Frameworks */,
				6EB1000A1DA8DBA400E1A643 /* libz.tbd in Frameworks */,
				6EB100081DA8DB9E00E1A643 /* libbz2.tbd in Frameworks */,
				6EB100061DA8DB9300E1A643 /* CoreVideo.framework in Frameworks */,
				6EB100041DA8DB8700E1A643 /* CoreMedia.framework in Frameworks */,
				6EB100021DA8DB7E00E1A643 /* CoreGraphics.framework in Frameworks */,
				6EB100001DA8DB7800E1A643 /* AVFoundation.framework in Frameworks */,
				6EB1FFFE1DA8DB6E00E1A643 /* AudioToolbox.framework in Frameworks */,
				6EB1FFF91DA8DA8300E1A643 /* IJKMediaFramework.framework in Frameworks */,
			);
			runOnlyForDeploymentPostprocessing = 0;
		};
		6E39B6BA1D96487700A72A9A /* Frameworks */ = {
			isa = PBXFrameworksBuildPhase;
			buildActionMask = 2147483647;
			files = (
				6E39B6E41D964A3C00A72A9A /* VideoPlayer.framework in Frameworks */,
				6EB1FFFA1DA8DABD00E1A643 /* IJKMediaFramework.framework in Frameworks */,
			);
			runOnlyForDeploymentPostprocessing = 0;
		};
/* End PBXFrameworksBuildPhase section */

/* Begin PBXGroup section */
		6E39B6A41D96485A00A72A9A = {
			isa = PBXGroup;
			children = (
				6E3C8C571DAB798F0082C9D8 /* README.md */,
				6E5F5FB61D9E01C200B2D630 /* VideoPlayer.podspec */,
				6E39B6B01D96485A00A72A9A /* VideoPlayer */,
				6E39B6BE1D96487700A72A9A /* VideoPlayer Demo */,
				6E39B6AF1D96485A00A72A9A /* Products */,
				6EB1FFFC1DA8DB6E00E1A643 /* Frameworks */,
			);
			sourceTree = "<group>";
		};
		6E39B6AF1D96485A00A72A9A /* Products */ = {
			isa = PBXGroup;
			children = (
				6E39B6AE1D96485A00A72A9A /* VideoPlayer.framework */,
				6E39B6BD1D96487700A72A9A /* VideoPlayer Demo.app */,
			);
			name = Products;
			sourceTree = "<group>";
		};
		6E39B6B01D96485A00A72A9A /* VideoPlayer */ = {
			isa = PBXGroup;
			children = (
				6EB1FFF81DA8DA8300E1A643 /* IJKMediaFramework.framework */,
				6E39B6B11D96485A00A72A9A /* VideoPlayer.h */,
				6E39B6E21D9648FC00A72A9A /* VideoPlayer.m */,
				6E39B7211D9668DC00A72A9A /* VideoPlayerControl.h */,
				6E39B7221D9668DC00A72A9A /* VideoPlayerControl.m */,
				6E5F5FB21D9D19B600B2D630 /* VideoPlayerProgressView.h */,
				6E5F5FB31D9D19B600B2D630 /* VideoPlayerProgressView.m */,
				6E39B6B21D96485A00A72A9A /* Info.plist */,
				6E39B6EF1D9652A800A72A9A /* Icon.bundle */,
			);
			path = VideoPlayer;
			sourceTree = "<group>";
		};
		6E39B6BE1D96487700A72A9A /* VideoPlayer Demo */ = {
			isa = PBXGroup;
			children = (
				6E5F5F2C1D9A3B8D00B2D630 /* 6282404.mp4 */,
				6E39B6C21D96487700A72A9A /* AppDelegate.h */,
				6E39B6C31D96487800A72A9A /* AppDelegate.m */,
				6E39B6C51D96487800A72A9A /* ViewController.h */,
				6E39B6C61D96487800A72A9A /* ViewController.m */,
				6E39B6C81D96487800A72A9A /* Main.storyboard */,
				6E39B6CB1D96487800A72A9A /* Assets.xcassets */,
				6E39B6CD1D96487800A72A9A /* LaunchScreen.storyboard */,
				6E39B6D01D96487800A72A9A /* Info.plist */,
				6E39B6BF1D96487700A72A9A /* Supporting Files */,
			);
			path = "VideoPlayer Demo";
			sourceTree = "<group>";
		};
		6E39B6BF1D96487700A72A9A /* Supporting Files */ = {
			isa = PBXGroup;
			children = (
				6E39B6C01D96487700A72A9A /* main.m */,
			);
			name = "Supporting Files";
			sourceTree = "<group>";
		};
		6EB1FFFC1DA8DB6E00E1A643 /* Frameworks */ = {
			isa = PBXGroup;
			children = (
				6EB100151DA8DBD300E1A643 /* VideoToolbox.framework */,
				6EB100131DA8DBCD00E1A643 /* UIKit.framework */,
				6EB100111DA8DBC100E1A643 /* QuartzCore.framework */,
				6EB1000F1DA8DBBB00E1A643 /* OpenGLES.framework */,
				6EB1000D1DA8DBB400E1A643 /* MobileCoreServices.framework */,
				6EB1000B1DA8DBAC00E1A643 /* MediaPlayer.framework */,
				6EB100091DA8DBA400E1A643 /* libz.tbd */,
				6EB100071DA8DB9E00E1A643 /* libbz2.tbd */,
				6EB100051DA8DB9300E1A643 /* CoreVideo.framework */,
				6EB100031DA8DB8700E1A643 /* CoreMedia.framework */,
				6EB100011DA8DB7E00E1A643 /* CoreGraphics.framework */,
				6EB1FFFF1DA8DB7800E1A643 /* AVFoundation.framework */,
				6EB1FFFD1DA8DB6E00E1A643 /* AudioToolbox.framework */,
			);
			name = Frameworks;
			sourceTree = "<group>";
		};
/* End PBXGroup section */

/* Begin PBXHeadersBuildPhase section */
		6E39B6AB1D96485A00A72A9A /* Headers */ = {
			isa = PBXHeadersBuildPhase;
			buildActionMask = 2147483647;
			files = (
				6E5F5FB41D9D19B600B2D630 /* VideoPlayerProgressView.h in Headers */,
				6E39B7231D9668DC00A72A9A /* VideoPlayerControl.h in Headers */,
				6E39B6B31D96485A00A72A9A /* VideoPlayer.h in Headers */,
			);
			runOnlyForDeploymentPostprocessing = 0;
		};
/* End PBXHeadersBuildPhase section */

/* Begin PBXNativeTarget section */
		6E39B6AD1D96485A00A72A9A /* VideoPlayer */ = {
			isa = PBXNativeTarget;
			buildConfigurationList = 6E39B6B61D96485A00A72A9A /* Build configuration list for PBXNativeTarget "VideoPlayer" */;
			buildPhases = (
				6E39B6A91D96485A00A72A9A /* Sources */,
				6E39B6AA1D96485A00A72A9A /* Frameworks */,
				6E39B6AB1D96485A00A72A9A /* Headers */,
				6E39B6AC1D96485A00A72A9A /* Resources */,
			);
			buildRules = (
			);
			dependencies = (
			);
			name = VideoPlayer;
			productName = VideoPlayer;
			productReference = 6E39B6AE1D96485A00A72A9A /* VideoPlayer.framework */;
			productType = "com.apple.product-type.framework";
		};
		6E39B6BC1D96487700A72A9A /* VideoPlayer Demo */ = {
			isa = PBXNativeTarget;
			buildConfigurationList = 6E39B6D11D96487800A72A9A /* Build configuration list for PBXNativeTarget "VideoPlayer Demo" */;
			buildPhases = (
				6E39B6B91D96487700A72A9A /* Sources */,
				6E39B6BA1D96487700A72A9A /* Frameworks */,
				6E39B6BB1D96487700A72A9A /* Resources */,
				6E39B6E81D964A3C00A72A9A /* Embed Frameworks */,
			);
			buildRules = (
			);
			dependencies = (
				6E39B6E71D964A3C00A72A9A /* PBXTargetDependency */,
			);
			name = "VideoPlayer Demo";
			productName = "VideoPlayer Demo";
			productReference = 6E39B6BD1D96487700A72A9A /* VideoPlayer Demo.app */;
			productType = "com.apple.product-type.application";
		};
/* End PBXNativeTarget section */

/* Begin PBXProject section */
		6E39B6A51D96485A00A72A9A /* Project object */ = {
			isa = PBXProject;
			attributes = {
				LastUpgradeCheck = 0800;
				ORGANIZATIONNAME = "云之彼端";
				TargetAttributes = {
					6E39B6AD1D96485A00A72A9A = {
						CreatedOnToolsVersion = 8.0;
						ProvisioningStyle = Automatic;
					};
					6E39B6BC1D96487700A72A9A = {
						CreatedOnToolsVersion = 8.0;
						DevelopmentTeam = 959Q9RL588;
						ProvisioningStyle = Automatic;
					};
				};
			};
			buildConfigurationList = 6E39B6A81D96485A00A72A9A /* Build configuration list for PBXProject "VideoPlayer" */;
			compatibilityVersion = "Xcode 3.2";
			developmentRegion = English;
			hasScannedForEncodings = 0;
			knownRegions = (
				en,
				Base,
			);
			mainGroup = 6E39B6A41D96485A00A72A9A;
			productRefGroup = 6E39B6AF1D96485A00A72A9A /* Products */;
			projectDirPath = "";
			projectRoot = "";
			targets = (
				6E39B6AD1D96485A00A72A9A /* VideoPlayer */,
				6E39B6BC1D96487700A72A9A /* VideoPlayer Demo */,
			);
		};
/* End PBXProject section */

/* Begin PBXResourcesBuildPhase section */
		6E39B6AC1D96485A00A72A9A /* Resources */ = {
			isa = PBXResourcesBuildPhase;
			buildActionMask = 2147483647;
			files = (
				6E39B6F01D9652A900A72A9A /* Icon.bundle in Resources */,
			);
			runOnlyForDeploymentPostprocessing = 0;
		};
		6E39B6BB1D96487700A72A9A /* Resources */ = {
			isa = PBXResourcesBuildPhase;
			buildActionMask = 2147483647;
			files = (
				6E5F5F2D1D9A3B8D00B2D630 /* 6282404.mp4 in Resources */,
				6E39B6CF1D96487800A72A9A /* LaunchScreen.storyboard in Resources */,
				6E39B6CC1D96487800A72A9A /* Assets.xcassets in Resources */,
				6E39B6CA1D96487800A72A9A /* Main.storyboard in Resources */,
			);
			runOnlyForDeploymentPostprocessing = 0;
		};
/* End PBXResourcesBuildPhase section */

/* Begin PBXSourcesBuildPhase section */
		6E39B6A91D96485A00A72A9A /* Sources */ = {
			isa = PBXSourcesBuildPhase;
			buildActionMask = 2147483647;
			files = (
				6E5F5FB51D9D19B600B2D630 /* VideoPlayerProgressView.m in Sources */,
				6E39B7241D9668DC00A72A9A /* VideoPlayerControl.m in Sources */,
				6E39B6E31D9648FC00A72A9A /* VideoPlayer.m in Sources */,
			);
			runOnlyForDeploymentPostprocessing = 0;
		};
		6E39B6B91D96487700A72A9A /* Sources */ = {
			isa = PBXSourcesBuildPhase;
			buildActionMask = 2147483647;
			files = (
				6E39B6C71D96487800A72A9A /* ViewController.m in Sources */,
				6E39B6C41D96487800A72A9A /* AppDelegate.m in Sources */,
				6E39B6C11D96487700A72A9A /* main.m in Sources */,
			);
			runOnlyForDeploymentPostprocessing = 0;
		};
/* End PBXSourcesBuildPhase section */

/* Begin PBXTargetDependency section */
		6E39B6E71D964A3C00A72A9A /* PBXTargetDependency */ = {
			isa = PBXTargetDependency;
			target = 6E39B6AD1D96485A00A72A9A /* VideoPlayer */;
			targetProxy = 6E39B6E61D964A3C00A72A9A /* PBXContainerItemProxy */;
		};
/* End PBXTargetDependency section */

/* Begin PBXVariantGroup section */
		6E39B6C81D96487800A72A9A /* Main.storyboard */ = {
			isa = PBXVariantGroup;
			children = (
				6E39B6C91D96487800A72A9A /* Base */,
			);
			name = Main.storyboard;
			sourceTree = "<group>";
		};
		6E39B6CD1D96487800A72A9A /* LaunchScreen.storyboard */ = {
			isa = PBXVariantGroup;
			children = (
				6E39B6CE1D96487800A72A9A /* Base */,
			);
			name = LaunchScreen.storyboard;
			sourceTree = "<group>";
		};
/* End PBXVariantGroup section */

/* Begin XCBuildConfiguration section */
		6E39B6B41D96485A00A72A9A /* Debug */ = {
			isa = XCBuildConfiguration;
			buildSettings = {
				ALWAYS_SEARCH_USER_PATHS = NO;
				CLANG_ANALYZER_NONNULL = YES;
				CLANG_CXX_LANGUAGE_STANDARD = "gnu++0x";
				CLANG_CXX_LIBRARY = "libc++";
				CLANG_ENABLE_MODULES = YES;
				CLANG_ENABLE_OBJC_ARC = YES;
				CLANG_WARN_BOOL_CONVERSION = YES;
				CLANG_WARN_CONSTANT_CONVERSION = YES;
				CLANG_WARN_DIRECT_OBJC_ISA_USAGE = YES_ERROR;
				CLANG_WARN_DOCUMENTATION_COMMENTS = YES;
				CLANG_WARN_EMPTY_BODY = YES;
				CLANG_WARN_ENUM_CONVERSION = YES;
				CLANG_WARN_INFINITE_RECURSION = YES;
				CLANG_WARN_INT_CONVERSION = YES;
				CLANG_WARN_OBJC_ROOT_CLASS = YES_ERROR;
				CLANG_WARN_SUSPICIOUS_MOVES = YES;
				CLANG_WARN_UNREACHABLE_CODE = YES;
				CLANG_WARN__DUPLICATE_METHOD_MATCH = YES;
				"CODE_SIGN_IDENTITY[sdk=iphoneos*]" = "iPhone Developer";
				COPY_PHASE_STRIP = NO;
				CURRENT_PROJECT_VERSION = 1;
				DEBUG_INFORMATION_FORMAT = dwarf;
				ENABLE_STRICT_OBJC_MSGSEND = YES;
				ENABLE_TESTABILITY = YES;
				GCC_C_LANGUAGE_STANDARD = gnu99;
				GCC_DYNAMIC_NO_PIC = NO;
				GCC_NO_COMMON_BLOCKS = YES;
				GCC_OPTIMIZATION_LEVEL = 0;
				GCC_PREPROCESSOR_DEFINITIONS = (
					"DEBUG=1",
					"$(inherited)",
				);
				GCC_WARN_64_TO_32_BIT_CONVERSION = YES;
				GCC_WARN_ABOUT_RETURN_TYPE = YES_ERROR;
				GCC_WARN_UNDECLARED_SELECTOR = YES;
				GCC_WARN_UNINITIALIZED_AUTOS = YES_AGGRESSIVE;
				GCC_WARN_UNUSED_FUNCTION = YES;
				GCC_WARN_UNUSED_VARIABLE = YES;
				IPHONEOS_DEPLOYMENT_TARGET = 10.0;
				MTL_ENABLE_DEBUG_INFO = YES;
				ONLY_ACTIVE_ARCH = YES;
				SDKROOT = iphoneos;
				TARGETED_DEVICE_FAMILY = "1,2";
				VERSIONING_SYSTEM = "apple-generic";
				VERSION_INFO_PREFIX = "";
			};
			name = Debug;
		};
		6E39B6B51D96485A00A72A9A /* Release */ = {
			isa = XCBuildConfiguration;
			buildSettings = {
				ALWAYS_SEARCH_USER_PATHS = NO;
				CLANG_ANALYZER_NONNULL = YES;
				CLANG_CXX_LANGUAGE_STANDARD = "gnu++0x";
				CLANG_CXX_LIBRARY = "libc++";
				CLANG_ENABLE_MODULES = YES;
				CLANG_ENABLE_OBJC_ARC = YES;
				CLANG_WARN_BOOL_CONVERSION = YES;
				CLANG_WARN_CONSTANT_CONVERSION = YES;
				CLANG_WARN_DIRECT_OBJC_ISA_USAGE = YES_ERROR;
				CLANG_WARN_DOCUMENTATION_COMMENTS = YES;
				CLANG_WARN_EMPTY_BODY = YES;
				CLANG_WARN_ENUM_CONVERSION = YES;
				CLANG_WARN_INFINITE_RECURSION = YES;
				CLANG_WARN_INT_CONVERSION = YES;
				CLANG_WARN_OBJC_ROOT_CLASS = YES_ERROR;
				CLANG_WARN_SUSPICIOUS_MOVES = YES;
				CLANG_WARN_UNREACHABLE_CODE = YES;
				CLANG_WARN__DUPLICATE_METHOD_MATCH = YES;
				"CODE_SIGN_IDENTITY[sdk=iphoneos*]" = "iPhone Developer";
				COPY_PHASE_STRIP = NO;
				CURRENT_PROJECT_VERSION = 1;
				DEBUG_INFORMATION_FORMAT = "dwarf-with-dsym";
				ENABLE_NS_ASSERTIONS = NO;
				ENABLE_STRICT_OBJC_MSGSEND = YES;
				GCC_C_LANGUAGE_STANDARD = gnu99;
				GCC_NO_COMMON_BLOCKS = YES;
				GCC_WARN_64_TO_32_BIT_CONVERSION = YES;
				GCC_WARN_ABOUT_RETURN_TYPE = YES_ERROR;
				GCC_WARN_UNDECLARED_SELECTOR = YES;
				GCC_WARN_UNINITIALIZED_AUTOS = YES_AGGRESSIVE;
				GCC_WARN_UNUSED_FUNCTION = YES;
				GCC_WARN_UNUSED_VARIABLE = YES;
				IPHONEOS_DEPLOYMENT_TARGET = 10.0;
				MTL_ENABLE_DEBUG_INFO = NO;
				SDKROOT = iphoneos;
				TARGETED_DEVICE_FAMILY = "1,2";
				VALIDATE_PRODUCT = YES;
				VERSIONING_SYSTEM = "apple-generic";
				VERSION_INFO_PREFIX = "";
			};
			name = Release;
		};
		6E39B6B71D96485A00A72A9A /* Debug */ = {
			isa = XCBuildConfiguration;
			buildSettings = {
				CODE_SIGN_IDENTITY = "";
				DEFINES_MODULE = YES;
				DYLIB_COMPATIBILITY_VERSION = 1;
				DYLIB_CURRENT_VERSION = 1;
				DYLIB_INSTALL_NAME_BASE = "@rpath";
				FRAMEWORK_SEARCH_PATHS = (
					"$(inherited)",
					"$(PROJECT_DIR)/VideoPlayer",
				);
				INFOPLIST_FILE = VideoPlayer/Info.plist;
				INSTALL_PATH = "$(LOCAL_LIBRARY_DIR)/Frameworks";
				IPHONEOS_DEPLOYMENT_TARGET = 8.0;
				LD_RUNPATH_SEARCH_PATHS = "$(inherited) @executable_path/Frameworks @loader_path/Frameworks";
				ONLY_ACTIVE_ARCH = YES;
				PRODUCT_BUNDLE_IDENTIFIER = com.cezr.VideoPlayer;
				PRODUCT_NAME = "$(TARGET_NAME)";
				SKIP_INSTALL = YES;
			};
			name = Debug;
		};
		6E39B6B81D96485A00A72A9A /* Release */ = {
			isa = XCBuildConfiguration;
			buildSettings = {
				CODE_SIGN_IDENTITY = "";
				DEFINES_MODULE = YES;
				DYLIB_COMPATIBILITY_VERSION = 1;
				DYLIB_CURRENT_VERSION = 1;
				DYLIB_INSTALL_NAME_BASE = "@rpath";
				FRAMEWORK_SEARCH_PATHS = (
					"$(inherited)",
					"$(PROJECT_DIR)/VideoPlayer",
				);
				INFOPLIST_FILE = VideoPlayer/Info.plist;
				INSTALL_PATH = "$(LOCAL_LIBRARY_DIR)/Frameworks";
				IPHONEOS_DEPLOYMENT_TARGET = 8.0;
				LD_RUNPATH_SEARCH_PATHS = "$(inherited) @executable_path/Frameworks @loader_path/Frameworks";
				PRODUCT_BUNDLE_IDENTIFIER = com.cezr.VideoPlayer;
				PRODUCT_NAME = "$(TARGET_NAME)";
				SKIP_INSTALL = YES;
			};
			name = Release;
		};
		6E39B6D21D96487800A72A9A /* Debug */ = {
			isa = XCBuildConfiguration;
			buildSettings = {
				ASSETCATALOG_COMPILER_APPICON_NAME = AppIcon;
				DEVELOPMENT_TEAM = 959Q9RL588;
				FRAMEWORK_SEARCH_PATHS = (
					"$(inherited)",
					"$(PROJECT_DIR)/VideoPlayer",
				);
				INFOPLIST_FILE = "VideoPlayer Demo/Info.plist";
				IPHONEOS_DEPLOYMENT_TARGET = 8.0;
				LD_RUNPATH_SEARCH_PATHS = "$(inherited) @executable_path/Frameworks";
				PRODUCT_BUNDLE_IDENTIFIER = "com.cezr.VideoPlayer-Demo";
				PRODUCT_NAME = "$(TARGET_NAME)";
				TARGETED_DEVICE_FAMILY = 1;
			};
			name = Debug;
		};
		6E39B6D31D96487800A72A9A /* Release */ = {
			isa = XCBuildConfiguration;
			buildSettings = {
				ASSETCATALOG_COMPILER_APPICON_NAME = AppIcon;
				DEVELOPMENT_TEAM = 959Q9RL588;
				FRAMEWORK_SEARCH_PATHS = (
					"$(inherited)",
					"$(PROJECT_DIR)/VideoPlayer",
				);
				INFOPLIST_FILE = "VideoPlayer Demo/Info.plist";
				IPHONEOS_DEPLOYMENT_TARGET = 8.0;
				LD_RUNPATH_SEARCH_PATHS = "$(inherited) @executable_path/Frameworks";
				PRODUCT_BUNDLE_IDENTIFIER = "com.cezr.VideoPlayer-Demo";
				PRODUCT_NAME = "$(TARGET_NAME)";
				TARGETED_DEVICE_FAMILY = 1;
			};
			name = Release;
		};
/* End XCBuildConfiguration section */

/* Begin XCConfigurationList section */
		6E39B6A81D96485A00A72A9A /* Build configuration list for PBXProject "VideoPlayer" */ = {
			isa = XCConfigurationList;
			buildConfigurations = (
				6E39B6B41D96485A00A72A9A /* Debug */,
				6E39B6B51D96485A00A72A9A /* Release */,
			);
			defaultConfigurationIsVisible = 0;
			defaultConfigurationName = Release;
		};
		6E39B6B61D96485A00A72A9A /* Build configuration list for PBXNativeTarget "VideoPlayer" */ = {
			isa = XCConfigurationList;
			buildConfigurations = (
				6E39B6B71D96485A00A72A9A /* Debug */,
				6E39B6B81D96485A00A72A9A /* Release */,
			);
			defaultConfigurationIsVisible = 0;
			defaultConfigurationName = Release;
		};
		6E39B6D11D96487800A72A9A /* Build configuration list for PBXNativeTarget "VideoPlayer Demo" */ = {
			isa = XCConfigurationList;
			buildConfigurations = (
				6E39B6D21D96487800A72A9A /* Debug */,
				6E39B6D31D96487800A72A9A /* Release */,
			);
			defaultConfigurationIsVisible = 0;
			defaultConfigurationName = Release;
		};
/* End XCConfigurationList section */
	};
	rootObject = 6E39B6A51D96485A00A72A9A /* Project object */;
}
